
Microsoft Visual Studio Solution File, Format Version 12.00
# Visual Studio Version 17
VisualStudioVersion = 17.13.35806.99 d17.13
MinimumVisualStudioVersion = 10.0.40219.1
Project("{FAE04EC0-301F-11D3-BF4B-00C04F79EFBC}") = "MultiThreading", "MultiThreading\MultiThreading.csproj", "{6079FF16-6573-442B-ADBC-EEEF53A9F6F2}"
EndProject
Global
	GlobalSection(SolutionConfigurationPlatforms) = preSolution
		Debug|Any CPU = Debug|Any CPU
		Release|Any CPU = Release|Any CPU
	EndGlobalSection
	GlobalSection(ProjectConfigurationPlatforms) = postSolution
		{6079FF16-6573-442B-ADBC-EEEF53A9F6F2}.Debug|Any CPU.ActiveCfg = Debug|Any CPU
		{6079FF16-6573-442B-ADBC-EEEF53A9F6F2}.Debug|Any CPU.Build.0 = Debug|Any CPU
		{6079FF16-6573-442B-ADBC-EEEF53A9F6F2}.Release|Any CPU.ActiveCfg = Release|Any CPU
		{6079FF16-6573-442B-ADBC-EEEF53A9F6F2}.Release|Any CPU.Build.0 = Release|Any CPU
	EndGlobalSection
	GlobalSection(SolutionProperties) = preSolution
		HideSolutionNode = FALSE
	EndGlobalSection
	GlobalSection(ExtensibilityGlobals) = postSolution
		SolutionGuid = {0E9A5FE7-20BE-41E0-8E1C-3AA21FC506D7}
	EndGlobalSection
EndGlobal
