
Microsoft Visual Studio Solution File, Format Version 12.00
# Visual Studio Version 17
VisualStudioVersion = 17.13.35806.99 d17.13
MinimumVisualStudioVersion = 10.0.40219.1
Project("{FAE04EC0-301F-11D3-BF4B-00C04F79EFBC}") = "ConcurentCollection", "ConcurentCollection\ConcurentCollection.csproj", "{8F76A2CE-EC5D-4B0C-BF9C-801310422C9E}"
EndProject
Global
	GlobalSection(SolutionConfigurationPlatforms) = preSolution
		Debug|Any CPU = Debug|Any CPU
		Release|Any CPU = Release|Any CPU
	EndGlobalSection
	GlobalSection(ProjectConfigurationPlatforms) = postSolution
		{8F76A2CE-EC5D-4B0C-BF9C-801310422C9E}.Debug|Any CPU.ActiveCfg = Debug|Any CPU
		{8F76A2CE-EC5D-4B0C-BF9C-801310422C9E}.Debug|Any CPU.Build.0 = Debug|Any CPU
		{8F76A2CE-EC5D-4B0C-BF9C-801310422C9E}.Release|Any CPU.ActiveCfg = Release|Any CPU
		{8F76A2CE-EC5D-4B0C-BF9C-801310422C9E}.Release|Any CPU.Build.0 = Release|Any CPU
	EndGlobalSection
	GlobalSection(SolutionProperties) = preSolution
		HideSolutionNode = FALSE
	EndGlobalSection
	GlobalSection(ExtensibilityGlobals) = postSolution
		SolutionGuid = {FE1A19C3-69A3-4E6A-B243-1298583105A6}
	EndGlobalSection
EndGlobal
